
Microsoft Visual Studio Solution File, Format Version 12.00
# Visual Studio Version 16
VisualStudioVersion = 16.0.30503.244
MinimumVisualStudioVersion = 10.0.40219.1
Project("{FAE04EC0-301F-11D3-BF4B-00C04F79EFBC}") = "knight", "knight\knight.csproj", "{5C816586-B9D0-4F0F-A916-CE61744F677C}"
EndProject
Global
	GlobalSection(SolutionConfigurationPlatforms) = preSolution
		Debug|Any CPU = Debug|Any CPU
		Release|Any CPU = Release|Any CPU
	EndGlobalSection
	GlobalSection(ProjectConfigurationPlatforms) = postSolution
		{5C816586-B9D0-4F0F-A916-CE61744F677C}.Debug|Any CPU.ActiveCfg = Debug|Any CPU
		{5C816586-B9D0-4F0F-A916-CE61744F677C}.Debug|Any CPU.Build.0 = Debug|Any CPU
		{5C816586-B9D0-4F0F-A916-CE61744F677C}.Release|Any CPU.ActiveCfg = Release|Any CPU
		{5C816586-B9D0-4F0F-A916-CE61744F677C}.Release|Any CPU.Build.0 = Release|Any CPU
	EndGlobalSection
	GlobalSection(SolutionProperties) = preSolution
		HideSolutionNode = FALSE
	EndGlobalSection
	GlobalSection(ExtensibilityGlobals) = postSolution
		SolutionGuid = {ACB81A29-2062-4918-8205-0F2D0969E255}
	EndGlobalSection
EndGlobal
